# requirements.lock — pin CỨNG version đang chạy thật (sinh từ env local 2026-07-20).
# Là closure dependency của requirements.txt (đã lọc bỏ gói không liên quan trong env chung).
# Dockerfile.py ưu tiên cài file này để build tái lập được; requirements.txt giữ dải mềm.
# Lưu ý: async-timeout / exceptiongroup / importlib-metadata là dep điều kiện cho
# Python < 3.11 — KHÔNG pin vì ảnh chạy python:3.12.
# Cập nhật: sửa requirements.txt → cài lại → chạy lại script sinh closure (pip freeze + lọc).
aenum==3.1.17
aiohappyeyeballs==2.6.2
aiohttp==3.13.5
aiosignal==1.4.0
annotated-types==0.7.0
anyio==4.13.0
attr==0.3.2
attrs==26.1.0
blinker==1.9.0
certifi==2026.2.25
cffi==2.0.0
charset-normalizer==3.4.7
click==8.3.2
colorama==0.4.6
cryptography==48.0.0
DateTime==6.0
distro==1.9.0
Flask==3.1.3
frozenlist==1.8.0
google-auth==2.53.0
google-auth-httplib2==0.4.0
google-auth-oauthlib==1.4.0
gspread==6.2.1
h11==0.16.0
httpcore==1.0.9
httplib2==0.31.2
httpx==0.28.1
idna==3.11
itsdangerous==2.2.0
Jinja2==3.1.6
jiter==0.15.0
MarkupSafe==3.0.3
multidict==6.7.1
munch==4.0.0
oauthlib==3.3.1
openai==2.38.0
propcache==0.5.2
pyaes==1.6.1
pyasn1==0.6.3
pyasn1_modules==0.4.2
pycparser==3.0
pycryptodome==3.23.0
pydantic==2.13.4
pydantic_core==2.46.4
pyparsing==3.3.2
pypdf==6.10.2
python-dotenv==1.2.2
pytz==2026.2
qrcode==8.2
rel==0.4.9.26
requests==2.33.1
requests-oauthlib==2.0.0
rsa==4.9.1
sniffio==1.3.1
Telethon==1.43.2
tqdm==4.67.3
typing-inspection==0.4.2
typing_extensions==4.15.0
urllib3==2.6.3
waitress==3.0.2
websocket-client==1.9.0
Werkzeug==3.1.8
yarl==1.24.2
zlapi==1.0.3
zope.interface==8.4
